{
  "name": "react-native-boundary-woffu",
  "version": "1.0.0",
  "lockfileVersion": 1,
  "requires": true,
  "dependencies": {
    "@types/prop-types": {
      "version": "15.7.1",
      "resolved": "https://registry.npmjs.org/@types/prop-types/-/prop-types-15.7.1.tgz",
      "integrity": "sha512-CFzn9idOEpHrgdw8JsoTkaDDyRWk1jrzIV8djzcgpq0y9tG4B4lFT+Nxh52DVpDXV+n4+NPNv7M1Dj5uMp6XFg==",
      "dev": true
    },
    "@types/react": {
      "version": "16.9.1",
      "resolved": "https://registry.npmjs.org/@types/react/-/react-16.9.1.tgz",
      "integrity": "sha512-jGM2x8F7m7/r+81N/BOaUKVwbC5Cdw6ExlWEUpr77XPwVeNvAppnPEnMMLMfxRDYL8FPEX8MHjwtD2NQMJ0yyQ==",
      "dev": true,
      "requires": {
        "@types/prop-types": "*",
        "csstype": "^2.2.0"
      }
    },
    "@types/react-native": {
      "version": "0.57.65",
      "resolved": "https://registry.npmjs.org/@types/react-native/-/react-native-0.57.65.tgz",
      "integrity": "sha512-7P5ulTb+/cnwbABWaAjzKmSYkRWeK7UCTfUwHhDpnwxdiL2X/KbdN1sPgo0B2E4zxfYE3MEoHv7FhB8Acfvf8A==",
      "dev": true,
      "requires": {
        "@types/prop-types": "*",
        "@types/react": "*"
      }
    },
    "csstype": {
      "version": "2.6.6",
      "resolved": "https://registry.npmjs.org/csstype/-/csstype-2.6.6.tgz",
      "integrity": "sha512-RpFbQGUE74iyPgvr46U9t1xoQBM8T4BL8SxrN66Le2xYAPSaDJJKeztV3awugusb3g3G9iL8StmkBBXhcbbXhg==",
      "dev": true
    }
  }
}
